
Microsoft Visual Studio Solution File, Format Version 12.00
# Visual Studio Version 17
VisualStudioVersion = 17.8.34330.188
MinimumVisualStudioVersion = 10.0.40219.1
Project("{9A19103F-16F7-4668-BE54-9A1E7A4F7556}") = "TollCalculator", "TollCalculator\TollCalculator.csproj", "{3E1F6BE4-0EFA-42B2-A9C8-B2CA9112BC9A}"
EndProject
Project("{9A19103F-16F7-4668-BE54-9A1E7A4F7556}") = "TollCalculatorTests", "TollCalculatorTests\TollCalculatorTests.csproj", "{3DE00CB5-884A-4C01-80A2-74557B464FA6}"
EndProject
Global
	GlobalSection(SolutionConfigurationPlatforms) = preSolution
		Debug|Any CPU = Debug|Any CPU
		Release|Any CPU = Release|Any CPU
	EndGlobalSection
	GlobalSection(ProjectConfigurationPlatforms) = postSolution
		{3E1F6BE4-0EFA-42B2-A9C8-B2CA9112BC9A}.Debug|Any CPU.ActiveCfg = Debug|Any CPU
		{3E1F6BE4-0EFA-42B2-A9C8-B2CA9112BC9A}.Debug|Any CPU.Build.0 = Debug|Any CPU
		{3E1F6BE4-0EFA-42B2-A9C8-B2CA9112BC9A}.Release|Any CPU.ActiveCfg = Release|Any CPU
		{3E1F6BE4-0EFA-42B2-A9C8-B2CA9112BC9A}.Release|Any CPU.Build.0 = Release|Any CPU
		{3DE00CB5-884A-4C01-80A2-74557B464FA6}.Debug|Any CPU.ActiveCfg = Debug|Any CPU
		{3DE00CB5-884A-4C01-80A2-74557B464FA6}.Debug|Any CPU.Build.0 = Debug|Any CPU
		{3DE00CB5-884A-4C01-80A2-74557B464FA6}.Release|Any CPU.ActiveCfg = Release|Any CPU
		{3DE00CB5-884A-4C01-80A2-74557B464FA6}.Release|Any CPU.Build.0 = Release|Any CPU
	EndGlobalSection
	GlobalSection(SolutionProperties) = preSolution
		HideSolutionNode = FALSE
	EndGlobalSection
	GlobalSection(ExtensibilityGlobals) = postSolution
		SolutionGuid = {3697E08F-353C-43F6-82DE-07A61EB26155}
	EndGlobalSection
EndGlobal
